PODS:
  - Alamofire (5.5.0)
  - SDWebImage (5.12.2):
    - SDWebImage/Core (= 5.12.2)
  - SDWebImage/Core (5.12.2)
  - SwiftyJSON (5.0.1)

DEPENDENCIES:
  - Alamofire (~> 5.5)
  - SDWebImage
  - SwiftyJSON

SPEC REPOS:
  trunk:
    - Alamofire
    - SDWebImage
    - SwiftyJSON

SPEC CHECKSUMS:
  Alamofire: 1c4fb5369c3fe93d2857c780d8bbe09f06f97e7c
  SDWebImage: 240e5c12b592fb1268c1d03b8c90d90e8c2ffe82
  SwiftyJSON: 2f33a42c6fbc52764d96f13368585094bfd8aa5e

PODFILE CHECKSUM: 8ed9b54e6501c7766134bdf760a5145534c098a5

COCOAPODS: 1.10.1
